ewogICJuYW1lIjogIkB0ZWNrbml0aW9uL2hvbmtpdC1wbHVnaW4taGlnaGxpZ2h0LXBsdXMiLAogICJ2ZXJzaW9uIjogIjEuMC4wIiwKICAibG9ja2ZpbGVWZXJzaW9uIjogMywKICAicmVxdWlyZXMiOiB0cnVlLAogICJwYWNrYWdlcyI6IHsKICAgICIiOiB7CiAgICAgICJuYW1lIjogIkB0ZWNrbml0aW9uL2hvbmtpdC1wbHVnaW4taGlnaGxpZ2h0LXBsdXMiLAogICAgICAidmVyc2lvbiI6ICIxLjAuMCIsCiAgICAgICJsaWNlbnNlIjogIk1JVCIsCiAgICAgICJkZXBlbmRlbmNpZXMiOiB7CiAgICAgICAgImhpZ2hsaWdodC5qcyI6ICJeMTEuMTAuMCIKICAgICAgfSwKICAgICAgImRldkRlcGVuZGVuY2llcyI6IHsKICAgICAgICAiYzgiOiAiXjkuMS4wIiwKICAgICAgICAiZXNsaW50IjogIl44LjU3LjAiCiAgICAgIH0KICAgIH0sCiAgICAibm9kZV9tb2R1bGVzL0BiY29lL3Y4LWNvdmVyYWdlIjogewogICAgICAidmVyc2lvbiI6ICIwLjIuMyIsCiAgICAgICJyZXNvbHZlZCI6ICJodHRwczovL3JlZ2lzdHJ5Lm5wbWpzLm9yZy9AYmNvZS92OC1jb3ZlcmFnZS8tL3Y4LWNvdmVyYWdlLTAuMi4zLnRneiIsCiAgICAgICJpbnRlZ3JpdHkiOiAic2hhNTEyLTBoWVE4U0I0RGI1enZaQjRheGRNSEd3RWFRamtaekZqUWlOOUxWWXZJRkIyblNVSFc5dFlweFdyaVByV0RBU0l4aWFYYXg4M1JFY0x4dVNkbkdQWnR3PT0iLAogICAgICAiZGV2IjogdHJ1ZSwKICAgICAgImxpY2Vuc2UiOiAiTUlUIgogICAgfSwKICAgICJub2RlX21vZHVsZXMvQGVzbGludC1jb21tdW5pdHkvZXNsaW50LXV0aWxzIjogewogICAgICAidmVyc2lvbiI6ICI0LjkuMCIsCiAgICAgICJyZXNvbHZlZCI6ICJodHRwczovL3JlZ2lzdHJ5Lm5wbWpzLm9yZy9AZXNsaW50LWNvbW11bml0eS9lc2xpbnQtdXRpbHMvLS9lc2xpbnQtdXRpbHMtNC45LjAudGd6IiwKICAgICAgImludGVncml0eSI6ICJzaGE1MTItYXlWRkhkdForaHNxMXQyRHkyNHdDbUdYR2U0cTlHdTNzbWhMWUFMSnJyNDczWkgyN01zblNMK0xLVWxpbXA0QldKcU1ETUxtUHB4L1E5UjNPQWxMNGc9PSIsCiAgICAgICJkZXYiOiB0cnVlLAogICAgICAibGljZW5zZSI6ICJNSVQiLAogICAgICAiZGVwZW5kZW5jaWVzIjogewogICAgICAgICJlc2xpbnQtdmlzaXRvci1rZXlzIjogIl4zLjQuMyIKICAgICAgfSwKICAgICAgImVuZ2luZXMiOiB7CiAgICAgICAgIm5vZGUiOiAiXjEyLjIyLjAgfHwgXjE0LjE3LjAgfHwgPj0xNi4wLjAiCiAgICAgIH0sCiAgICAgICJmdW5kaW5nIjogewogICAgICAgICJ1cmwiOiAiaHR0cHM6Ly9vcGVuY29sbGVjdGl2ZS5jb20vZXNsaW50IgogICAgICB9LAogICAgICAicGVlckRlcGVuZGVuY2llcyI6IHsKICAgICAgICAiZXNsaW50IjogIl42LjAuMCB8fCBeNy4wLjAgfHwgPj04LjAuMCIKICAgICAgfQogICAgfSwKICAgICJub2RlX21vZHVsZXMvQGVzbGludC1jb21tdW5pdHkvcmVnZXhwcCI6IHsKICAgICAgInZlcnNpb24iOiAiNC4xMi4yIiwKICAgICAgInJlc29sdmVkIjogImh0dHBzOi8vcmVnaXN0cnkubnBtanMub3JnL0Blc2xpbnQtY29tbXVuaXR5L3JlZ2V4cHAvLS9yZWdleHBwLTQuMTIuMi50Z3oiLAogICAgICAiaW50ZWdyaXR5IjogInNoYTUxMi1FcmlTVGx0NU9DOS83U1hrUlNDQWhmU3h4b1NVZ0JtMzNPSCtJa3diZHBnb3FzU3NVZzd5M3VoK0lJQ0kvUWc0QkJXcjNVMmkzOVJwbXljYnhNcTRldz09IiwKICAgICAgImRldiI6IHRydWUsCiAgICAgICJsaWNlbnNlIjogIk1JVCIsCiAgICAgICJlbmdpbmVzIjogewogICAgICAgICJub2RlIjogIl4xMi4wLjAgfHwgXjE0LjAuMCB8fCA+PTE2LjAuMCIKICAgICAgfQogICAgfSwKICAgICJub2RlX21vZHVsZXMvQGVzbGludC9lc2xpbnRyYyI6IHsKICAgICAgInZlcnNpb24iOiAiMi4xLjQiLAogICAgICAicmVzb2x2ZWQiOiAiaHR0cHM6Ly9yZWdpc3RyeS5ucG1qcy5vcmcvQGVzbGludC9lc2xpbnRyYy8tL2VzbGludHJjLTIuMS40LnRneiIsCiAgICAgICJpbnRlZ3JpdHkiOiAic2hhNTEyLTI2OVozOU1TNndWSnRzb1VsMTBMNjBXZGtoSlZkUEcyNFE0ZVpUSDNubkY2bHB2U1NoRUszd1FqRFg5SlJXQVVQdlBoN0NPb3VQcFU5SXJxYVpGdnRRPT0iLAogICAgICAiZGV2IjogdHJ1ZSwKICAgICAgImxpY2Vuc2UiOiAiTUlUIiwKICAgICAgImRlcGVuZGVuY2llcyI6IHsKICAgICAgICAiYWp2IjogIl42LjEyLjQiLAogICAgICAgICJkZWJ1ZyI6ICJeNC4zLjIiLAogICAgICAgICJlc3ByZWUiOiAiXjkuNi4wIiwKICAgICAgICAiZ2xvYmFscyI6ICJeMTMuMTkuMCIsCiAgICAgICAgImlnbm9yZSI6ICJeNS4yLjAiLAogICAgICAgICJpbXBvcnQtZnJlc2giOiAiXjMuMi4xIiwKICAgICAgICAianMteWFtbCI6ICJeNC4xLjAiLAogICAgICAgICJtaW5pbWF0Y2giOiAiXjMuMS4yIiwKICAgICAgICAic3RyaXAtanNvbi1jb21tZW50cyI6ICJeMy4xLjEiCiAgICAgIH0sCiAgICAgICJlbmdpbmVzIjogewogICAgICAgICJub2RlIjogIl4xMi4yMi4wIHx8IF4xNC4xNy4wIHx8ID49MTYuMC4wIgogICAgICB9LAogICAgICAiZnVuZGluZyI6IHsKICAgICAgICAidXJsIjogImh0dHBzOi8vb3BlbmNvbGxlY3RpdmUuY29tL2VzbGludCIKICAgICAgfQogICAgfSwKICAgICJub2RlX21vZHVsZXMvQGVzbGludC9qcyI6IHsKICAgICAgInZlcnNpb24iOiAiOC41Ny4xIiwKICAgICAgInJlc29sdmVkIjogImh0dHBzOi8vcmVnaXN0cnkubnBtanMub3JnL0Blc2xpbnQvanMvLS9qcy04LjU3LjEudGd6IiwKICAgICAgImludGVnci