{
  "name": "@tecknition/honkit-plugin-highlight-plus",
  "version": "1.0.0",
  "lockfileVersion": 3,
  "requires": true,
  "packages": {
    "": {
      "name": "@tecknition/honkit-plugin-highlight-plus",
      "version": "1.0.0",
      "license": "MIT",
      "dependencies": {
        "highlight.js": "^11.10.0"
      },
      "devDependencies": {
        "c8": "^9.1.0",
        "eslint": "^8.57.0"
      }
    },
    "node_modules/@bcoe/v8-coverage": {
      "version": "0.2.3",
      "resolved": "https://registry.npmjs.org/@bcoe/v8-coverage/-/v8-coverage-0.2.3.tgz",
      "integrity": "sha512-0hYQ8SB4Db5zvZB4axdMHGwEaQjkZzFjQiN9LVYvIFB2nSUHW9tYpxWriPrWDASIxiaXax83REcLxuSdnGPZtw==",
      "dev": true,
      "license": "MIT"
    },
    ...